{
  "name": "detritus-client",
  "version": "0.17.0-beta.17",
  "lockfileVersion": 3,
  "requires": true,
  "packages": {
    "": {
      "name": "detritus-client",
      "version": "0.17.0-beta.17",
      "license": "BSD-2-Clause",
      "dependencies": {
        "detritus-client-rest": "^0.11.0-beta.6",
        "detritus-client-socket": "^0.9.0-beta.2",
        "detritus-utils": "^0.4.0"
      },
      "devDependencies": {
        "@types/node": "^20.10.5"
      },
      "peerDependencies": {
        "@discordjs/opus": "^0.7.0",
        "node-opus": "^0.3.3",
        "opusscript": "^0.0.8"
      },
      "peerDependenciesMeta": {
        "@discordjs/opus": {
          "optional": true
        },
        "node-opus": {
          "optional": true
        },
        "opusscript": {
          "optional": true
        }
      }
    },
    "node_modules/@fastify/busboy": {
      "version": "2.1.0",
      "resolved": "https://registry.npmjs.org/@fastify/busboy/-/busboy-2.1.0.tgz",
      "integrity": "sha512-+KpH+QxZU7O4675t3mnkQKcZZg56u+K/Ct2K+N2AZYNVK8kyeo/bI18tI8aPm3tvNNRyTWfj6s5tnGNlcbQRsA==",
      "engines": {
        "node": ">=14"
      }
    },
    "node_modules/@types/node": {
      "version": "20.10.5",
      "resolved": "https://registry.npmjs.org/@types/node/-/node-20.10.5.tgz",
      "integrity": "sha512-nNPsNE65wjMxEKI93yOP+NPGGBJz/PoN3kZsVLee0XMiJolxSekEVD8wRwBUBqkwc7UWop0edW50yrCQW4CyRw==",
      "dev": true,
      "dependencies": {
        "undici-types": "~5.26.4"
      }
    },
    "node_modules/detritus-client-rest": {
      "version": "0.11.0-beta.6",
      "resolved": "https://registry.npmjs.org/detritus-client-rest/-/detritus-client-rest-0.11.0-beta.6.tgz",
      "integrity": "sha512-vVpMgpJ7+Kct8lQIcGlqPB/KDC2V0k+lYAN29bMd/fxkg4JhpZYjJA138KOa/MmDXqFoYG6QRCAJY9tqTMnqeA==",
      "dependencies": {
        "detritus-rest": "^0.9.0-beta.10",
        "detritus-utils": "^0.4.0"
      }
    },
    "node_modules/detritus-client-socket": {
      "version": "0.9.0-beta.2",
      "resolved": "https://registry.npmjs.org/detritus-client-socket/-/detritus-client-socket-0.9.0-beta.2.tgz",
      "integrity": "sha512-kKUb1QhELsZcD9XzLMTg8TIvQD8OYNH7CFmlx+lX/KsSR4BLAEdvDph25Pk/7PBJpfHq/v/N+LGl8WyT3ZkXIg==",
      "dependencies": {
        "detritus-utils": "^0.4.0",
        "tweetnacl": "^1.0.3",
        "ws": "^8.16.0"
      },
      "peerDependencies": {
        "erlpack": "^0.1.4",
        "uws": "10.148.1"
      },
      "peerDependenciesMeta": {
        "erlpack": {
          "optional": true
        },
        "libsodium-wrappers": {
          "optional": true
        },
        "sodium": {
          "optional": true
        },
        "tweetnacl": {
          "optional": true
        },
        "uws": {
          "optional": true
        }
      }
    },
    "node_modules/detritus-rest": {
      "version": "0.9.0-beta.10",
      "resolved": "https://registry.npmjs.org/detritus-rest/-/detritus-rest-0.9.0-beta.10.tgz",
      "integrity": "sha512-hbew0RZi6r7ZVPtGZS/YyuzUZEDZf5pjzUCi94wB9oHw4idCf+JFiDV4uO1HuS5aIqaTPbbFLghZvZxd2/DFcA==",
      "dependencies": {
        "detritus-utils": "^0.4.0",
        "undici": "^6.2.1"
      }
    },
    "node_modules/detritus-utils": {
      "version": "0.4.0",
      "resolved": "https://registry.npmjs.org/detritus-utils/-/detritus-utils-0.4.0.tgz",
      "integrity": "sha512-XO9crk1eCOecajzOg4WMsvcgXV/3GAltV0nt+kXXmglwcKyh/5DpQ7jmQ/2HycEN0dGBdgLCLPzYMxrWPN9gpw==",
      "peerDependencies": {
        "eventemitter3": "^4.0.7"
      },
      "peerDependenciesMeta": {
        "eventemitter3": {
          "optional": true
        }
      }
    },
    "node_modules/tweetnacl": {
      "version": "1.0.3",
      "resolved": "https://registry.npmjs.org/tweetnacl/-/tweetnacl-1.0.3.tgz",
      "integrity": "sha512-6rt+RN7aOi1nGMyC4Xa5DdYiukl2UWCbcJft7YhxReBGQD7OAM8Pbxw6YMo4r2diNEA8FEmu32YOn9rhaiE5yw=="
    },
    "node_modules/undici": {
      "version": "6.2.1",
      "resolved": "https://registry.npmjs.org/undici/-/undici-6.2.1.tgz",
      "integrity": "sha512-7Wa9thEM6/LMnnKtxJHlc8SrTlDmxqJecgz1iy8KlsN0/iskQXOQCuPkrZLXbElPaSw5slFFyKIKXyJ3UtbApw==",
      "dependencies": {
        "@fastify/busboy": "^2.0.0"
      },
      "engines": {
        "node": ">=18.0"
      }
    },
    "node_modules/undici-types": {
      "version": "5.26.5",
      "resolved": "https://registry.npmjs.org/undici-types/-/undici-types-5.26.5.tgz",
      "integrity": "sha512-JlCMO+ehdEIKqlFxk6IfVoAUVmgz7cU7zD/h9XZ0qzeosSHmUJVOzSQvvYSYWXkFXC+IfLKSIffhv0sVZup6pA==",
      "dev": true
    },
    "node_modules/ws": {
      "version": "8.16.0",
      "resolved": "https://registry.npmjs.org/ws/-/ws-8.16.0.tgz",
      "integrity": "sha512-HS0c//TP7Ina87TfiPUz1rQzMhHrl/SG2guqRcTOIUYD2q8uhUdNHZYJUaQ8aTGPzCh+c6oawMKW35nFl1dxyQ==",
      "engines": {
        "node": ">=10.0.0"
      },
      "peerDependencies": {
        "bufferutil": "^4.0.1",
        "utf-8-validate": ">=5.0.2"
      },
      "peerDependenciesMeta": {
        "bufferutil": {
          "optional": true
        },
        "utf-8-validate": {
          "optional": true
        }
      }
    }
  }
}
