{
  "name": "detritus-client",
  "version": "0.17.0-beta.104",
  "lockfileVersion": 3,
  "requires": true,
  "packages": {
    "": {
      "name": "detritus-client",
      "version": "0.17.0-beta.104",
      "license": "BSD-2-Clause",
      "dependencies": {
        "detritus-client-rest": "^0.11.0-beta.24",
        "detritus-client-socket": "^0.9.0-beta.7",
        "detritus-utils": "^0.4.0"
      },
      "devDependencies": {
        "@types/node": "^20.14.10"
      },
      "peerDependencies": {
        "@discordjs/opus": "^0.9.0",
        "node-opus": "^0.3.3",
        "opusscript": "^0.1.1"
      },
      "peerDependenciesMeta": {
        "@discordjs/opus": {
          "optional": true
        },
        "node-opus": {
          "optional": true
        },
        "opusscript": {
          "optional": true
        }
      }
    },
    "node_modules/@types/node": {
      "version": "20.19.41",
      "resolved": "https://registry.npmjs.org/@types/node/-/node-20.19.41.tgz",
      "integrity": "sha512-ECymXOukMnOoVkC2bb1Vc/w/836DXncOg5m8Xj1RH7xSHZJWNYY6Zh7EH477vcnD5egKNNfy2RpNOmuChhFPgQ==",
      "dev": true,
      "license": "MIT",
      "dependencies": {
        "undici-types": "~6.21.0"
      }
    },
    "node_modules/detritus-client-rest": {
      "version": "0.11.0-beta.24",
      "resolved": "https://registry.npmjs.org/detritus-client-rest/-/detritus-client-rest-0.11.0-beta.24.tgz",
      "integrity": "sha512-85n1DPSEcvTpW+8mOlJn4ywAx2w+cEmJ0oymPZvdPLtENTlq9WPlTrogL7VbG/dWFI2mulrEnZi8r4lXUpFR8g==",
      "license": "MIT",
      "dependencies": {
        "detritus-rest": "^0.9.0-beta.13",
        "detritus-utils": "^0.4.0"
      }
    },
    "node_modules/detritus-client-socket": {
      "version": "0.9.0-beta.7",
      "resolved": "https://registry.npmjs.org/detritus-client-socket/-/detritus-client-socket-0.9.0-beta.7.tgz",
      "integrity": "sha512-SHmBJJnSVduWQ/UlsqviFBJ3oM/lQpE7gCoqVrm6M7ESu9kX2pKlWjHy9s5X8BLlTZxjwryDsvcCBx5AMpHxKw==",
      "license": "MIT",
      "dependencies": {
        "detritus-utils": "^0.4.0",
        "ws": "^8.18.0"
      },
      "peerDependencies": {
        "erlpack": "^0.1.4",
        "uws": "10.148.1"
      },
      "peerDependenciesMeta": {
        "erlpack": {
          "optional": true
        },
        "libsodium-wrappers": {
          "optional": true
        },
        "sodium": {
          "optional": true
        },
        "tweetnacl": {
          "optional": true
        },
        "uws": {
          "optional": true
        }
      }
    },
    "node_modules/detritus-rest": {
      "version": "0.9.0-beta.13",
      "resolved": "https://registry.npmjs.org/detritus-rest/-/detritus-rest-0.9.0-beta.13.tgz",
      "integrity": "sha512-OW2ZBTVc1S58zRjcGXku46NRHELVCwPaA9iLd+PNd32ugIG+Lg4BDFY565tmNbfHPjAX/BpDHQLVBwJUYld0NQ==",
      "license": "MIT",
      "dependencies": {
        "detritus-utils": "^0.4.0",
        "undici": "^6.19.2"
      }
    },
    "node_modules/detritus-utils": {
      "version": "0.4.0",
      "resolved": "https://registry.npmjs.org/detritus-utils/-/detritus-utils-0.4.0.tgz",
      "integrity": "sha512-XO9crk1eCOecajzOg4WMsvcgXV/3GAltV0nt+kXXmglwcKyh/5DpQ7jmQ/2HycEN0dGBdgLCLPzYMxrWPN9gpw==",
      "license": "MIT",
      "peerDependencies": {
        "eventemitter3": "^4.0.7"
      },
      "peerDependenciesMeta": {
        "eventemitter3": {
          "optional": true
        }
      }
    },
    "node_modules/undici": {
      "version": "6.26.0",
      "resolved": "https://registry.npmjs.org/undici/-/undici-6.26.0.tgz",
      "integrity": "sha512-4yqz8a3n5HmGTlsbADNtr/dJlhkh/55Rq798G6ibiULcXbDtaLpTl1pvdqcbFfeoj3iSi52lePFM7h9H21cw/A==",
      "license": "MIT",
      "engines": {
        "node": ">=18.17"
      }
    },
    "node_modules/undici-types": {
      "version": "6.21.0",
      "resolved": "https://registry.npmjs.org/undici-types/-/undici-types-6.21.0.tgz",
      "integrity": "sha512-iwDZqg0QAGrg9Rav5H4n0M64c3mkR59cJ6wQp+7C4nI0gsmExaedaYLNO44eT4AtBBwjbTiGPMlt2Md0T9H9JQ==",
      "dev": true,
      "license": "MIT"
    },
    "node_modules/ws": {
      "version": "8.21.1",
      "resolved": "https://registry.npmjs.org/ws/-/ws-8.21.1.tgz",
      "integrity": "sha512-+0NTnW77fFN/DjQi6k/Sq/Yvk4Sgajw7urW8V+asjXnRgDs9gyGkdb7EzgfhA4goXsRIZKE28fzIXBHEzhuiWw==",
      "license": "MIT",
      "engines": {
        "node": ">=10.0.0"
      },
      "peerDependencies": {
        "bufferutil": "^4.0.1",
        "utf-8-validate": ">=5.0.2"
      },
      "peerDependenciesMeta": {
        "bufferutil": {
          "optional": true
        },
        "utf-8-validate": {
          "optional": true
        }
      }
    }
  }
}
